
Microsoft Visual Studio Solution File, Format Version 12.00
# Visual Studio 15
VisualStudioVersion = 15.0.28010.2026
MinimumVisualStudioVersion = 10.0.40219.1
Project("{888888A0-9F3D-457C-B088-3A5042F75D52}") = "foldbackValuesCalculator", "foldbackValuesCalculator\foldbackValuesCalculator.pyproj", "{FA25B951-5D1A-43A6-AEB0-8BF5281730E9}"
EndProject
Global
	GlobalSection(SolutionConfigurationPlatforms) = preSolution
		Debug|Any CPU = Debug|Any CPU
		Release|Any CPU = Release|Any CPU
	EndGlobalSection
	GlobalSection(ProjectConfigurationPlatforms) = postSolution
		{FA25B951-5D1A-43A6-AEB0-8BF5281730E9}.Debug|Any CPU.ActiveCfg = Debug|Any CPU
		{FA25B951-5D1A-43A6-AEB0-8BF5281730E9}.Release|Any CPU.ActiveCfg = Release|Any CPU
	EndGlobalSection
	GlobalSection(SolutionProperties) = preSolution
		HideSolutionNode = FALSE
	EndGlobalSection
	GlobalSection(ExtensibilityGlobals) = postSolution
		SolutionGuid = {728759D3-F20C-4765-9770-F5F278FA6BB1}
	EndGlobalSection
EndGlobal
